// !$*UTF8*$!
{
	archiveVersion = 1;
	classes = {
	};
	objectVersion = 46;
	objects = {

/* Begin PBXBuildFile section */
		6AB33CE81D97CE1300A84ECD /* AppDelegate.swift in Sources */ = {isa = PBXBuildFile; fileRef = 6AB33CE71D97CE1300A84ECD /* AppDelegate.swift */; };
		6AB33CEA1D97CE1300A84ECD /* ViewController.swift in Sources */ = {isa = PBXBuildFile; fileRef = 6AB33CE91D97CE1300A84ECD /* ViewController.swift */; };
		6AB33CED1D97CE1300A84ECD /* Main.storyboard in Resources */ = {isa = PBXBuildFile; fileRef = 6AB33CEB1D97CE1300A84ECD /* Main.storyboard */; };
		6AB33CEF1D97CE1300A84ECD /* Assets.xcassets in Resources */ = {isa = PBXBuildFile; fileRef = 6AB33CEE1D97CE1300A84ECD /* Assets.xcassets */; };
		6AB33CF21D97CE1300A84ECD /* LaunchScreen.storyboard in Resources */ = {isa = PBXBuildFile; fileRef = 6AB33CF01D97CE1300A84ECD /* LaunchScreen.storyboard */; };
		6AB33CFD1D97CE1400A84ECD /* KMATests.swift in Sources */ = {isa = PBXBuildFile; fileRef = 6AB33CFC1D97CE1400A84ECD /* KMATests.swift */; };
		6AB33D081D97CE1400A84ECD /* KMAUITests.swift in Sources */ = {isa = PBXBuildFile; fileRef = 6AB33D071D97CE1400A84ECD /* KMAUITests.swift */; };
/* End PBXBuildFile section */

/* Begin PBXContainerItemProxy section */
		6AB33CF91D97CE1400A84ECD /* PBXContainerItemProxy */ = {
			isa = PBXContainerItemProxy;
			containerPortal = 6AB33CDC1D97CE1300A84ECD /* Project object */;
			proxyType = 1;
			remoteGlobalIDString = 6AB33CE31D97CE1300A84ECD;
			remoteInfo = KMA;
		};
		6AB33D041D97CE1400A84ECD /* PBXContainerItemProxy */ = {
			isa = PBXContainerItemProxy;
			containerPortal = 6AB33CDC1D97CE1300A84ECD /* Project object */;
			proxyType = 1;
			remoteGlobalIDString = 6AB33CE31D97CE1300A84ECD;
			remoteInfo = KMA;
		};
/* End PBXContainerItemProxy section */

/* Begin PBXFileReference section */
		6AB33CE41D97CE1300A84ECD /* KMA.app */ = {isa = PBXFileReference; explicitFileType = wrapper.application; includeInIndex = 0; path = KMA.app; sourceTree = BUILT_PRODUCTS_DIR; };
		6AB33CE71D97CE1300A84ECD /* AppDelegate.swift */ = {isa = PBXFileReference; lastKnownFileType = sourcecode.swift; path = AppDelegate.swift; sourceTree = "<group>"; };
		6AB33CE91D97CE1300A84ECD /* ViewController.swift */ = {isa = PBXFileReference; lastKnownFileType = sourcecode.swift; path = ViewController.swift; sourceTree = "<group>"; };
		6AB33CEC1D97CE1300A84ECD /* Base */ = {isa = PBXFileReference; lastKnownFileType = file.storyboard; name = Base; path = Base.lproj/Main.storyboard; sourceTree = "<group>"; };
		6AB33CEE1D97CE1300A84ECD /* Assets.xcassets */ = {isa = PBXFileReference; lastKnownFileType = folder.assetcatalog; path = Assets.xcassets; sourceTree = "<group>"; };
		6AB33CF11D97CE1300A84ECD /* Base */ = {isa = PBXFileReference; lastKnownFileType = file.storyboard; name = Base; path = Base.lproj/LaunchScreen.storyboard; sourceTree = "<group>"; };
		6AB33CF31D97CE1300A84ECD /* Info.plist */ = {isa = PBXFileReference; lastKnownFileType = text.plist.xml; path = Info.plist; sourceTree = "<group>"; };
		6AB33CF81D97CE1400A84ECD /* KMATests.xctest */ = {isa = PBXFileReference; explicitFileType = wrapper.cfbundle; includeInIndex = 0; path = KMATests.xctest; sourceTree = BUILT_PRODUCTS_DIR; };
		6AB33CFC1D97CE1400A84ECD /* KMATests.swift */ = {isa = PBXFileReference; lastKnownFileType = sourcecode.swift; path = KMATests.swift; sourceTree = "<group>"; };
		6AB33CFE1D97CE1400A84ECD /* Info.plist */ = {isa = PBXFileReference; lastKnownFileType = text.plist.xml; path = Info.plist; sourceTree = "<group>"; };
		6AB33D031D97CE1400A84ECD /* KMAUITests.xctest */ = {isa = PBXFileReference; explicitFileType = wrapper.cfbundle; includeInIndex = 0; path = KMAUITests.xctest; sourceTree = BUILT_PRODUCTS_DIR; };
		6AB33D071D97CE1400A84ECD /* KMAUITests.swift */ = {isa = PBXFileReference; lastKnownFileType = sourcecode.swift; path = KMAUITests.swift; sourceTree = "<group>"; };
		6AB33D091D97CE1400A84ECD /* Info.plist */ = {isa = PBXFileReference; lastKnownFileType = text.plist.xml; path = Info.plist; sourceTree = "<group>"; };
/* End PBXFileReference section */

/* Begin PBXFrameworksBuildPhase section */
		6AB33CE11D97CE1300A84ECD /* Frameworks */ = {
			isa = PBXFrameworksBuildPhase;
			buildActionMask = 2147483647;
			files = (
			);
			runOnlyForDeploymentPostprocessing = 0;
		};
		6AB33CF51D97CE1400A84ECD /* Frameworks */ = {
			isa = PBXFrameworksBuildPhase;
			buildActionMask = 2147483647;
			files = (
			);
			runOnlyForDeploymentPostprocessing = 0;
		};
		6AB33D001D97CE1400A84ECD /* Frameworks */ = {
			isa = PBXFrameworksBuildPhase;
			buildActionMask = 2147483647;
			files = (
			);
			runOnlyForDeploymentPostprocessing = 0;
		};
/* End PBXFrameworksBuildPhase section */

/* Begin PBXGroup section */
		6AB33CDB1D97CE1300A84ECD = {
			isa = PBXGroup;
			children = (
				6AB33CE61D97CE1300A84ECD /* KMA */,
				6AB33CFB1D97CE1400A84ECD /* KMATests */,
				6AB33D061D97CE1400A84ECD /* KMAUITests */,
				6AB33CE51D97CE1300A84ECD /* Products */,
			);
			sourceTree = "<group>";
		};
		6AB33CE51D97CE1300A84ECD /* Products */ = {
			isa = PBXGroup;
			children = (
				6AB33CE41D97CE1300A84ECD /* KMA.app */,
				6AB33CF81D97CE1400A84ECD /* KMATests.xctest */,
				6AB33D031D97CE1400A84ECD /* KMAUITests.xctest */,
			);
			name = Products;
			sourceTree = "<group>";
		};
		6AB33CE61D97CE1300A84ECD /* KMA */ = {
			isa = PBXGroup;
			children = (
				6AB33CE71D97CE1300A84ECD /* AppDelegate.swift */,
				6AB33CE91D97CE1300A84ECD /* ViewController.swift */,
				6AB33CEB1D97CE1300A84ECD /* Main.storyboard */,
				6AB33CEE1D97CE1300A84ECD /* Assets.xcassets */,
				6AB33CF01D97CE1300A84ECD /* LaunchScreen.storyboard */,
				6AB33CF31D97CE1300A84ECD /* Info.plist */,
			);
			path = KMA;
			sourceTree = "<group>";
		};
		6AB33CFB1D97CE1400A84ECD /* KMATests */ = {
			isa = PBXGroup;
			children = (
				6AB33CFC1D97CE1400A84ECD /* KMATests.swift */,
				6AB33CFE1D97CE1400A84ECD /* Info.plist */,
			);
			path = KMATests;
			sourceTree = "<group>";
		};
		6AB33D061D97CE1400A84ECD /* KMAUITests */ = {
			isa = PBXGroup;
			children = (
				6AB33D071D97CE1400A84ECD /* KMAUITests.swift */,
				6AB33D091D97CE1400A84ECD /* Info.plist */,
			);
			path = KMAUITests;
			sourceTree = "<group>";
		};
/* End PBXGroup section */

/* Begin PBXNativeTarget section */
		6AB33CE31D97CE1300A84ECD /* KMA */ = {
			isa = PBXNativeTarget;
			buildConfigurationList = 6AB33D0C1D97CE1400A84ECD /* Build configuration list for PBXNativeTarget "KMA" */;
			buildPhases = (
				6AB33CE01D97CE1300A84ECD /* Sources */,
				6AB33CE11D97CE1300A84ECD /* Frameworks */,
				6AB33CE21D97CE1300A84ECD /* Resources */,
			);
			buildRules = (
			);
			dependencies = (
			);
			name = KMA;
			productName = KMA;
			productReference = 6AB33CE41D97CE1300A84ECD /* KMA.app */;
			productType = "com.apple.product-type.application";
		};
		6AB33CF71D97CE1400A84ECD /* KMATests */ = {
			isa = PBXNativeTarget;
			buildConfigurationList = 6AB33D0F1D97CE1400A84ECD /* Build configuration list for PBXNativeTarget "KMATests" */;
			buildPhases = (
				6AB33CF41D97CE1400A84ECD /* Sources */,
				6AB33CF51D97CE1400A84ECD /* Frameworks */,
				6AB33CF61D97CE1400A84ECD /* Resources */,
			);
			buildRules = (
			);
			dependencies = (
				6AB33CFA1D97CE1400A84ECD /* PBXTargetDependency */,
			);
			name = KMATests;
			productName = KMATests;
			productReference = 6AB33CF81D97CE1400A84ECD /* KMATests.xctest */;
			productType = "com.apple.product-type.bundle.unit-test";
		};
		6AB33D021D97CE1400A84ECD /* KMAUITests */ = {
			isa = PBXNativeTarget;
			buildConfigurationList = 6AB33D121D97CE1400A84ECD /* Build configuration list for PBXNativeTarget "KMAUITests" */;
			buildPhases = (
				6AB33CFF1D97CE1400A84ECD /* Sources */,
				6AB33D001D97CE1400A84ECD /* Frameworks */,
				6AB33D011D97CE1400A84ECD /* Resources */,
			);
			buildRules = (
			);
			dependencies = (
				6AB33D051D97CE1400A84ECD /* PBXTargetDependency */,
			);
			name = KMAUITests;
			productName = KMAUITests;
			productReference = 6AB33D031D97CE1400A84ECD /* KMAUITests.xctest */;
			productType = "com.apple.product-type.bundle.ui-testing";
		};
/* End PBXNativeTarget section */

/* Begin PBXProject section */
		6AB33CDC1D97CE1300A84ECD /* Project object */ = {
			isa = PBXProject;
			attributes = {
				LastSwiftUpdateCheck = 0730;
				LastUpgradeCheck = 0730;
				ORGANIZATIONNAME = user;
				TargetAttributes = {
					6AB33CE31D97CE1300A84ECD = {
						CreatedOnToolsVersion = 7.3.1;
					};
					6AB33CF71D97CE1400A84ECD = {
						CreatedOnToolsVersion = 7.3.1;
						TestTargetID = 6AB33CE31D97CE1300A84ECD;
					};
					6AB33D021D97CE1400A84ECD = {
						CreatedOnToolsVersion = 7.3.1;
						TestTargetID = 6AB33CE31D97CE1300A84ECD;
					};
				};
			};
			buildConfigurationList = 6AB33CDF1D97CE1300A84ECD /* Build configuration list for PBXProject "KMA" */;
			compatibilityVersion = "Xcode 3.2";
			developmentRegion = English;
			hasScannedForEncodings = 0;
			knownRegions = (
				en,
				Base,
			);
			mainGroup = 6AB33CDB1D97CE1300A84ECD;
			productRefGroup = 6AB33CE51D97CE1300A84ECD /* Products */;
			projectDirPath = "";
			projectRoot = "";
			targets = (
				6AB33CE31D97CE1300A84ECD /* KMA */,
				6AB33CF71D97CE1400A84ECD /* KMATests */,
				6AB33D021D97CE1400A84ECD /* KMAUITests */,
			);
		};
/* End PBXProject section */

/* Begin PBXResourcesBuildPhase section */
		6AB33CE21D97CE1300A84ECD /* Resources */ = {
			isa = PBXResourcesBuildPhase;
			buildActionMask = 2147483647;
			files = (
				6AB33CF21D97CE1300A84ECD /* LaunchScreen.storyboard in Resources */,
				6AB33CEF1D97CE1300A84ECD /* Assets.xcassets in Resources */,
				6AB33CED1D97CE1300A84ECD /* Main.storyboard in Resources */,
			);
			runOnlyForDeploymentPostprocessing = 0;
		};
		6AB33CF61D97CE1400A84ECD /* Resources */ = {
			isa = PBXResourcesBuildPhase;
			buildActionMask = 2147483647;
			files = (
			);
			runOnlyForDeploymentPostprocessing = 0;
		};
		6AB33D011D97CE1400A84ECD /* Resources */ = {
			isa = PBXResourcesBuildPhase;
			buildActionMask = 2147483647;
			files = (
			);
			runOnlyForDeploymentPostprocessing = 0;
		};
/* End PBXResourcesBuildPhase section */

/* Begin PBXSourcesBuildPhase section */
		6AB33CE01D97CE1300A84ECD /* Sources */ = {
			isa = PBXSourcesBuildPhase;
			buildActionMask = 2147483647;
			files = (
				6AB33CEA1D97CE1300A84ECD /* ViewController.swift in Sources */,
				6AB33CE81D97CE1300A84ECD /* AppDelegate.swift in Sources */,
			);
			runOnlyForDeploymentPostprocessing = 0;
		};
		6AB33CF41D97CE1400A84ECD /* Sources */ = {
			isa = PBXSourcesBuildPhase;
			buildActionMask = 2147483647;
			files = (
				6AB33CFD1D97CE1400A84ECD /* KMATests.swift in Sources */,
			);
			runOnlyForDeploymentPostprocessing = 0;
		};
		6AB33CFF1D97CE1400A84ECD /* Sources */ = {
			isa = PBXSourcesBuildPhase;
			buildActionMask = 2147483647;
			files = (
				6AB33D081D97CE1400A84ECD /* KMAUITests.swift in Sources */,
			);
			runOnlyForDeploymentPostprocessing = 0;
		};
/* End PBXSourcesBuildPhase section */

/* Begin PBXTargetDependency section */
		6AB33CFA1D97CE1400A84ECD /* PBXTargetDependency */ = {
			isa = PBXTargetDependency;
			target = 6AB33CE31D97CE1300A84ECD /* KMA */;
			targetProxy = 6AB33CF91D97CE1400A84ECD /* PBXContainerItemProxy */;
		};
		6AB33D051D97CE1400A84ECD /* PBXTargetDependency */ = {
			isa = PBXTargetDependency;
			target = 6AB33CE31D97CE1300A84ECD /* KMA */;
			targetProxy = 6AB33D041D97CE1400A84ECD /* PBXContainerItemProxy */;
		};
/* End PBXTargetDependency section */

/* Begin PBXVariantGroup section */
		6AB33CEB1D97CE1300A84ECD /* Main.storyboard */ = {
			isa = PBXVariantGroup;
			children = (
				6AB33CEC1D97CE1300A84ECD /* Base */,
			);
			name = Main.storyboard;
			sourceTree = "<group>";
		};
		6AB33CF01D97CE1300A84ECD /* LaunchScreen.storyboard */ = {
			isa = PBXVariantGroup;
			children = (
				6AB33CF11D97CE1300A84ECD /* Base */,
			);
			name = LaunchScreen.storyboard;
			sourceTree = "<group>";
		};
/* End PBXVariantGroup section */

/* Begin XCBuildConfiguration section */
		6AB33D0A1D97CE1400A84ECD /* Debug */ = {
			isa = XCBuildConfiguration;
			buildSettings = {
				ALWAYS_SEARCH_USER_PATHS = NO;
				CLANG_ANALYZER_NONNULL = YES;
				CLANG_CXX_LANGUAGE_STANDARD = "gnu++0x";
				CLANG_CXX_LIBRARY = "libc++";
				CLANG_ENABLE_MODULES = YES;
				CLANG_ENABLE_OBJC_ARC = YES;
				CLANG_WARN_BOOL_CONVERSION = YES;
				CLANG_WARN_CONSTANT_CONVERSION = YES;
				CLANG_WARN_DIRECT_OBJC_ISA_USAGE = YES_ERROR;
				CLANG_WARN_EMPTY_BODY = YES;
				CLANG_WARN_ENUM_CONVERSION = YES;
				CLANG_WARN_INT_CONVERSION = YES;
				CLANG_WARN_OBJC_ROOT_CLASS = YES_ERROR;
				CLANG_WARN_UNREACHABLE_CODE = YES;
				CLANG_WARN__DUPLICATE_METHOD_MATCH = YES;
				"CODE_SIGN_IDENTITY[sdk=iphoneos*]" = "iPhone Developer";
				COPY_PHASE_STRIP = NO;
				DEBUG_INFORMATION_FORMAT = dwarf;
				ENABLE_STRICT_OBJC_MSGSEND = YES;
				ENABLE_TESTABILITY = YES;
				GCC_C_LANGUAGE_STANDARD = gnu99;
				GCC_DYNAMIC_NO_PIC = NO;
				GCC_NO_COMMON_BLOCKS = YES;
				GCC_OPTIMIZATION_LEVEL = 0;
				GCC_PREPROCESSOR_DEFINITIONS = (
					"DEBUG=1",
					"$(inherited)",
				);
				GCC_WARN_64_TO_32_BIT_CONVERSION = YES;
				GCC_WARN_ABOUT_RETURN_TYPE = YES_ERROR;
				GCC_WARN_UNDECLARED_SELECTOR = YES;
				GCC_WARN_UNINITIALIZED_AUTOS = YES_AGGRESSIVE;
				GCC_WARN_UNUSED_FUNCTION = YES;
				GCC_WARN_UNUSED_VARIABLE = YES;
				IPHONEOS_DEPLOYMENT_TARGET = 9.3;
				MTL_ENABLE_DEBUG_INFO = YES;
				ONLY_ACTIVE_ARCH = YES;
				SDKROOT = iphoneos;
				SWIFT_OPTIMIZATION_LEVEL = "-Onone";
			};
			name = Debug;
		};
		6AB33D0B1D97CE1400A84ECD /* Release */ = {
			isa = XCBuildConfiguration;
			buildSettings = {
				ALWAYS_SEARCH_USER_PATHS = NO;
				CLANG_ANALYZER_NONNULL = YES;
				CLANG_CXX_LANGUAGE_STANDARD = "gnu++0x";
				CLANG_CXX_LIBRARY = "libc++";
				CLANG_ENABLE_MODULES = YES;
				CLANG_ENABLE_OBJC_ARC = YES;
				CLANG_WARN_BOOL_CONVERSION = YES;
				CLANG_WARN_CONSTANT_CONVERSION = YES;
				CLANG_WARN_DIRECT_OBJC_ISA_USAGE = YES_ERROR;
				CLANG_WARN_EMPTY_BODY = YES;
				CLANG_WARN_ENUM_CONVERSION = YES;
				CLANG_WARN_INT_CONVERSION = YES;
				CLANG_WARN_OBJC_ROOT_CLASS = YES_ERROR;
				CLANG_WARN_UNREACHABLE_CODE = YES;
				CLANG_WARN__DUPLICATE_METHOD_MATCH = YES;
				"CODE_SIGN_IDENTITY[sdk=iphoneos*]" = "iPhone Developer";
				COPY_PHASE_STRIP = NO;
				DEBUG_INFORMATION_FORMAT = "dwarf-with-dsym";
				ENABLE_NS_ASSERTIONS = NO;
				ENABLE_STRICT_OBJC_MSGSEND = YES;
				GCC_C_LANGUAGE_STANDARD = gnu99;
				GCC_NO_COMMON_BLOCKS = YES;
				GCC_WARN_64_TO_32_BIT_CONVERSION = YES;
				GCC_WARN_ABOUT_RETURN_TYPE = YES_ERROR;
				GCC_WARN_UNDECLARED_SELECTOR = YES;
				GCC_WARN_UNINITIALIZED_AUTOS = YES_AGGRESSIVE;
				GCC_WARN_UNUSED_FUNCTION = YES;
				GCC_WARN_UNUSED_VARIABLE = YES;
				IPHONEOS_DEPLOYMENT_TARGET = 9.3;
				MTL_ENABLE_DEBUG_INFO = NO;
				SDKROOT = iphoneos;
				VALIDATE_PRODUCT = YES;
			};
			name = Release;
		};
		6AB33D0D1D97CE1400A84ECD /* Debug */ = {
			isa = XCBuildConfiguration;
			buildSettings = {
				ASSETCATALOG_COMPILER_APPICON_NAME = AppIcon;
				INFOPLIST_FILE = KMA/Info.plist;
				LD_RUNPATH_SEARCH_PATHS = "$(inherited) @executable_path/Frameworks";
				PRODUCT_BUNDLE_IDENTIFIER = Kuanysh.KMA;
				PRODUCT_NAME = "$(TARGET_NAME)";
			};
			name = Debug;
		};
		6AB33D0E1D97CE1400A84ECD /* Release */ = {
			isa = XCBuildConfiguration;
			buildSettings = {
				ASSETCATALOG_COMPILER_APPICON_NAME = AppIcon;
				INFOPLIST_FILE = KMA/Info.plist;
				LD_RUNPATH_SEARCH_PATHS = "$(inherited) @executable_path/Frameworks";
				PRODUCT_BUNDLE_IDENTIFIER = Kuanysh.KMA;
				PRODUCT_NAME = "$(TARGET_NAME)";
			};
			name = Release;
		};
		6AB33D101D97CE1400A84ECD /* Debug */ = {
			isa = XCBuildConfiguration;
			buildSettings = {
				BUNDLE_LOADER = "$(TEST_HOST)";
				INFOPLIST_FILE = KMATests/Info.plist;
				LD_RUNPATH_SEARCH_PATHS = "$(inherited) @executable_path/Frameworks @loader_path/Frameworks";
				PRODUCT_BUNDLE_IDENTIFIER = Kuanysh.KMATests;
				PRODUCT_NAME = "$(TARGET_NAME)";
				TEST_HOST = "$(BUILT_PRODUCTS_DIR)/KMA.app/KMA";
			};
			name = Debug;
		};
		6AB33D111D97CE1400A84ECD /* Release */ = {
			isa = XCBuildConfiguration;
			buildSettings = {
				BUNDLE_LOADER = "$(TEST_HOST)";
				INFOPLIST_FILE = KMATests/Info.plist;
				LD_RUNPATH_SEARCH_PATHS = "$(inherited) @executable_path/Frameworks @loader_path/Frameworks";
				PRODUCT_BUNDLE_IDENTIFIER = Kuanysh.KMATests;
				PRODUCT_NAME = "$(TARGET_NAME)";
				TEST_HOST = "$(BUILT_PRODUCTS_DIR)/KMA.app/KMA";
			};
			name = Release;
		};
		6AB33D131D97CE1400A84ECD /* Debug */ = {
			isa = XCBuildConfiguration;
			buildSettings = {
				INFOPLIST_FILE = KMAUITests/Info.plist;
				LD_RUNPATH_SEARCH_PATHS = "$(inherited) @executable_path/Frameworks @loader_path/Frameworks";
				PRODUCT_BUNDLE_IDENTIFIER = Kuanysh.KMAUITests;
				PRODUCT_NAME = "$(TARGET_NAME)";
				TEST_TARGET_NAME = KMA;
			};
			name = Debug;
		};
		6AB33D141D97CE1400A84ECD /* Release */ = {
			isa = XCBuildConfiguration;
			buildSettings = {
				INFOPLIST_FILE = KMAUITests/Info.plist;
				LD_RUNPATH_SEARCH_PATHS = "$(inherited) @executable_path/Frameworks @loader_path/Frameworks";
				PRODUCT_BUNDLE_IDENTIFIER = Kuanysh.KMAUITests;
				PRODUCT_NAME = "$(TARGET_NAME)";
				TEST_TARGET_NAME = KMA;
			};
			name = Release;
		};
/* End XCBuildConfiguration section */

/* Begin XCConfigurationList section */
		6AB33CDF1D97CE1300A84ECD /* Build configuration list for PBXProject "KMA" */ = {
			isa = XCConfigurationList;
			buildConfigurations = (
				6AB33D0A1D97CE1400A84ECD /* Debug */,
				6AB33D0B1D97CE1400A84ECD /* Release */,
			);
			defaultConfigurationIsVisible = 0;
			defaultConfigurationName = Release;
		};
		6AB33D0C1D97CE1400A84ECD /* Build configuration list for PBXNativeTarget "KMA" */ = {
			isa = XCConfigurationList;
			buildConfigurations = (
				6AB33D0D1D97CE1400A84ECD /* Debug */,
				6AB33D0E1D97CE1400A84ECD /* Release */,
			);
			defaultConfigurationIsVisible = 0;
		};
		6AB33D0F1D97CE1400A84ECD /* Build configuration list for PBXNativeTarget "KMATests" */ = {
			isa = XCConfigurationList;
			buildConfigurations = (
				6AB33D101D97CE1400A84ECD /* Debug */,
				6AB33D111D97CE1400A84ECD /* Release */,
			);
			defaultConfigurationIsVisible = 0;
		};
		6AB33D121D97CE1400A84ECD /* Build configuration list for PBXNativeTarget "KMAUITests" */ = {
			isa = XCConfigurationList;
			buildConfigurations = (
				6AB33D131D97CE1400A84ECD /* Debug */,
				6AB33D141D97CE1400A84ECD /* Release */,
			);
			defaultConfigurationIsVisible = 0;
		};
/* End XCConfigurationList section */
	};
	rootObject = 6AB33CDC1D97CE1300A84ECD /* Project object */;
}
